<?xml version="1.0" encoding="UTF-8" standalone="yes" ?>
<CodeBlocks_project_file>
	<FileVersion major="1" minor="6" />
	<Project>
		<Option title="Online Kupovina" />
		<Option pch_mode="2" />
		<Option compiler="gcc" />
		<Build>
			<Target title="Debug">
				<Option output="bin/Debug/Online Kupovina" prefix_auto="1" extension_auto="1" />
				<Option object_output="obj/Debug/" />
				<Option type="1" />
				<Option compiler="gcc" />
				<Compiler>
					<Add option="-g" />
				</Compiler>
			</Target>
			<Target title="Release">
				<Option output="bin/Release/Online Kupovina" prefix_auto="1" extension_auto="1" />
				<Option object_output="obj/Release/" />
				<Option type="1" />
				<Option compiler="gcc" />
				<Compiler>
					<Add option="-O2" />
				</Compiler>
				<Linker>
					<Add option="-s" />
				</Linker>
			</Target>
		</Build>
		<Compiler>
			<Add option="-Wall" />
			<Add option="-fexceptions" />
		</Compiler>
		<Unit filename="CallCentar.hpp" />
		<Unit filename="DecijeOdeljenje.hpp" />
		<Unit filename="InformacijeOProdavnici.hpp" />
		<Unit filename="Isporuka.hpp" />
		<Unit filename="Kartica.hpp" />
		<Unit filename="Korpa.hpp" />
		<Unit filename="Kupac.hpp" />
		<Unit filename="Mesto.hpp" />
		<Unit filename="MuskoOdeljene.hpp" />
		<Unit filename="Osoba.hpp" />
		<Unit filename="Poslodavac.hpp" />
		<Unit filename="Prodavnica.hpp" />
		<Unit filename="SavAksesoar.hpp" />
		<Unit filename="SvaMestaProdavnica.hpp" />
		<Unit filename="SvaObuca.hpp" />
		<Unit filename="SvaOdeca.hpp" />
		<Unit filename="Ulica.hpp" />
		<Unit filename="ZenskoOdeljenje.hpp" />
		<Unit filename="aksesoaric.hpp" />
		<Unit filename="dinstring.cpp" />
		<Unit filename="dinstring.hpp" />
		<Unit filename="donjidelovi.hpp" />
		<Unit filename="gornjidelovi.hpp" />
		<Unit filename="lista.hpp" />
		<Unit filename="main.cpp" />
		<Unit filename="obucica.hpp" />
		<Unit filename="proizvod.hpp" />
		<Extensions>
			<code_completion />
			<envvars />
			<debugger />
		</Extensions>
	</Project>
</CodeBlocks_project_file>
